// !$*UTF8*$!
{
	archiveVersion = 1;
	classes = {
	};
	objectVersion = 50;
	objects = {

/* Begin PBXBuildFile section */
		A2DC44A7229DBD9C000633B0 /* AppDelegate.swift in Sources */ = {isa = PBXBuildFile; fileRef = A2DC44A6229DBD9C000633B0 /* AppDelegate.swift */; };
		A2DC44AC229DBD9C000633B0 /* Main.storyboard in Resources */ = {isa = PBXBuildFile; fileRef = A2DC44AA229DBD9C000633B0 /* Main.storyboard */; };
		A2DC44AE229DBD9D000633B0 /* Assets.xcassets in Resources */ = {isa = PBXBuildFile; fileRef = A2DC44AD229DBD9D000633B0 /* Assets.xcassets */; };
		A2DC44B1229DBD9D000633B0 /* LaunchScreen.storyboard in Resources */ = {isa = PBXBuildFile; fileRef = A2DC44AF229DBD9D000633B0 /* LaunchScreen.storyboard */; };
		A2DC44B9229DBF4B000633B0 /* WordsTableViewController.swift in Sources */ = {isa = PBXBuildFile; fileRef = A2DC44B8229DBF4B000633B0 /* WordsTableViewController.swift */; };
		A2DC44BB229DBF7C000633B0 /* DefinitionViewController.swift in Sources */ = {isa = PBXBuildFile; fileRef = A2DC44BA229DBF7C000633B0 /* DefinitionViewController.swift */; };
		A2DC44BD229DCD50000633B0 /* VocabularyWord.swift in Sources */ = {isa = PBXBuildFile; fileRef = A2DC44BC229DCD50000633B0 /* VocabularyWord.swift */; };
		A2DC44BF229DCDF0000633B0 /* VocabularyController.swift in Sources */ = {isa = PBXBuildFile; fileRef = A2DC44BE229DCDF0000633B0 /* VocabularyController.swift */; };
/* End PBXBuildFile section */

/* Begin PBXFileReference section */
		A2DC44A3229DBD9C000633B0 /* Swift Vocabulary New.app */ = {isa = PBXFileReference; explicitFileType = wrapper.application; includeInIndex = 0; path = "Swift Vocabulary New.app"; sourceTree = BUILT_PRODUCTS_DIR; };
		A2DC44A6229DBD9C000633B0 /* AppDelegate.swift */ = {isa = PBXFileReference; lastKnownFileType = sourcecode.swift; path = AppDelegate.swift; sourceTree = "<group>"; };
		A2DC44AB229DBD9C000633B0 /* Base */ = {isa = PBXFileReference; lastKnownFileType = file.storyboard; name = Base; path = Base.lproj/Main.storyboard; sourceTree = "<group>"; };
		A2DC44AD229DBD9D000633B0 /* Assets.xcassets */ = {isa = PBXFileReference; lastKnownFileType = folder.assetcatalog; path = Assets.xcassets; sourceTree = "<group>"; };
		A2DC44B0229DBD9D000633B0 /* Base */ = {isa = PBXFileReference; lastKnownFileType = file.storyboard; name = Base; path = Base.lproj/LaunchScreen.storyboard; sourceTree = "<group>"; };
		A2DC44B2229DBD9D000633B0 /* Info.plist */ = {isa = PBXFileReference; lastKnownFileType = text.plist.xml; path = Info.plist; sourceTree = "<group>"; };
		A2DC44B8229DBF4B000633B0 /* WordsTableViewController.swift */ = {isa = PBXFileReference; lastKnownFileType = sourcecode.swift; path = WordsTableViewController.swift; sourceTree = "<group>"; };
		A2DC44BA229DBF7C000633B0 /* DefinitionViewController.swift */ = {isa = PBXFileReference; lastKnownFileType = sourcecode.swift; path = DefinitionViewController.swift; sourceTree = "<group>"; };
		A2DC44BC229DCD50000633B0 /* VocabularyWord.swift */ = {isa = PBXFileReference; lastKnownFileType = sourcecode.swift; path = VocabularyWord.swift; sourceTree = "<group>"; };
		A2DC44BE229DCDF0000633B0 /* VocabularyController.swift */ = {isa = PBXFileReference; lastKnownFileType = sourcecode.swift; path = VocabularyController.swift; sourceTree = "<group>"; };
/* End PBXFileReference section */

/* Begin PBXFrameworksBuildPhase section */
		A2DC44A0229DBD9C000633B0 /* Frameworks */ = {
			isa = PBXFrameworksBuildPhase;
			buildActionMask = 2147483647;
			files = (
			);
			runOnlyForDeploymentPostprocessing = 0;
		};
/* End PBXFrameworksBuildPhase section */

/* Begin PBXGroup section */
		A2DC449A229DBD9C000633B0 = {
			isa = PBXGroup;
			children = (
				A2DC44A5229DBD9C000633B0 /* Swift Vocabulary New */,
				A2DC44A4229DBD9C000633B0 /* Products */,
			);
			sourceTree = "<group>";
		};
		A2DC44A4229DBD9C000633B0 /* Products */ = {
			isa = PBXGroup;
			children = (
				A2DC44A3229DBD9C000633B0 /* Swift Vocabulary New.app */,
			);
			name = Products;
			sourceTree = "<group>";
		};
		A2DC44A5229DBD9C000633B0 /* Swift Vocabulary New */ = {
			isa = PBXGroup;
			children = (
				A2DC44A6229DBD9C000633B0 /* AppDelegate.swift */,
				A2DC44B8229DBF4B000633B0 /* WordsTableViewController.swift */,
				A2DC44BA229DBF7C000633B0 /* DefinitionViewController.swift */,
				A2DC44BE229DCDF0000633B0 /* VocabularyController.swift */,
				A2DC44AA229DBD9C000633B0 /* Main.storyboard */,
				A2DC44BC229DCD50000633B0 /* VocabularyWord.swift */,
				A2DC44AD229DBD9D000633B0 /* Assets.xcassets */,
				A2DC44AF229DBD9D000633B0 /* LaunchScreen.storyboard */,
				A2DC44B2229DBD9D000633B0 /* Info.plist */,
			);
			path = "Swift Vocabulary New";
			sourceTree = "<group>";
		};
/* End PBXGroup section */

/* Begin PBXNativeTarget section */
		A2DC44A2229DBD9C000633B0 /* Swift Vocabulary New */ = {
			isa = PBXNativeTarget;
			buildConfigurationList = A2DC44B5229DBD9D000633B0 /* Build configuration list for PBXNativeTarget "Swift Vocabulary New" */;
			buildPhases = (
				A2DC449F229DBD9C000633B0 /* Sources */,
				A2DC44A0229DBD9C000633B0 /* Frameworks */,
				A2DC44A1229DBD9C000633B0 /* Resources */,
			);
			buildRules = (
			);
			dependencies = (
			);
			name = "Swift Vocabulary New";
			productName = "Swift Vocabulary New";
			productReference = A2DC44A3229DBD9C000633B0 /* Swift Vocabulary New.app */;
			productType = "com.apple.product-type.application";
		};
/* End PBXNativeTarget section */

/* Begin PBXProject section */
		A2DC449B229DBD9C000633B0 /* Project object */ = {
			isa = PBXProject;
			attributes = {
				LastSwiftUpdateCheck = 1020;
				LastUpgradeCheck = 1020;
				ORGANIZATIONNAME = "Alex Shillingford";
				TargetAttributes = {
					A2DC44A2229DBD9C000633B0 = {
						CreatedOnToolsVersion = 10.2.1;
					};
				};
			};
			buildConfigurationList = A2DC449E229DBD9C000633B0 /* Build configuration list for PBXProject "Swift Vocabulary New" */;
			compatibilityVersion = "Xcode 9.3";
			developmentRegion = en;
			hasScannedForEncodings = 0;
			knownRegions = (
				en,
				Base,
			);
			mainGroup = A2DC449A229DBD9C000633B0;
			productRefGroup = A2DC44A4229DBD9C000633B0 /* Products */;
			projectDirPath = "";
			projectRoot = "";
			targets = (
				A2DC44A2229DBD9C000633B0 /* Swift Vocabulary New */,
			);
		};
/* End PBXProject section */

/* Begin PBXResourcesBuildPhase section */
		A2DC44A1229DBD9C000633B0 /* Resources */ = {
			isa = PBXResourcesBuildPhase;
			buildActionMask = 2147483647;
			files = (
				A2DC44B1229DBD9D000633B0 /* LaunchScreen.storyboard in Resources */,
				A2DC44AE229DBD9D000633B0 /* Assets.xcassets in Resources */,
				A2DC44AC229DBD9C000633B0 /* Main.storyboard in Resources */,
			);
			runOnlyForDeploymentPostprocessing = 0;
		};
/* End PBXResourcesBuildPhase section */

/* Begin PBXSourcesBuildPhase section */
		A2DC449F229DBD9C000633B0 /* Sources */ = {
			isa = PBXSourcesBuildPhase;
			buildActionMask = 2147483647;
			files = (
				A2DC44A7229DBD9C000633B0 /* AppDelegate.swift in Sources */,
				A2DC44BF229DCDF0000633B0 /* VocabularyController.swift in Sources */,
				A2DC44BB229DBF7C000633B0 /* DefinitionViewController.swift in Sources */,
				A2DC44B9229DBF4B000633B0 /* WordsTableViewController.swift in Sources */,
				A2DC44BD229DCD50000633B0 /* VocabularyWord.swift in Sources */,
			);
			runOnlyForDeploymentPostprocessing = 0;
		};
/* End PBXSourcesBuildPhase section */

/* Begin PBXVariantGroup section */
		A2DC44AA229DBD9C000633B0 /* Main.storyboard */ = {
			isa = PBXVariantGroup;
			children = (
				A2DC44AB229DBD9C000633B0 /* Base */,
			);
			name = Main.storyboard;
			sourceTree = "<group>";
		};
		A2DC44AF229DBD9D000633B0 /* LaunchScreen.storyboard */ = {
			isa = PBXVariantGroup;
			children = (
				A2DC44B0229DBD9D000633B0 /* Base */,
			);
			name = LaunchScreen.storyboard;
			sourceTree = "<group>";
		};
/* End PBXVariantGroup section */

/* Begin XCBuildConfiguration section */
		A2DC44B3229DBD9D000633B0 /* Debug */ = {
			isa = XCBuildConfiguration;
			buildSettings = {
				ALWAYS_SEARCH_USER_PATHS = NO;
				CLANG_ANALYZER_NONNULL = YES;
				CLANG_ANALYZER_NUMBER_OBJECT_CONVERSION = YES_AGGRESSIVE;
				CLANG_CXX_LANGUAGE_STANDARD = "gnu++14";
				CLANG_CXX_LIBRARY = "libc++";
				CLANG_ENABLE_MODULES = YES;
				CLANG_ENABLE_OBJC_ARC = YES;
				CLANG_ENABLE_OBJC_WEAK = YES;
				CLANG_WARN_BLOCK_CAPTURE_AUTORELEASING = YES;
				CLANG_WARN_BOOL_CONVERSION = YES;
				CLANG_WARN_COMMA = YES;
				CLANG_WARN_CONSTANT_CONVERSION = YES;
				CLANG_WARN_DEPRECATED_OBJC_IMPLEMENTATIONS = YES;
				CLANG_WARN_DIRECT_OBJC_ISA_USAGE = YES_ERROR;
				CLANG_WARN_DOCUMENTATION_COMMENTS = YES;
				CLANG_WARN_EMPTY_BODY = YES;
				CLANG_WARN_ENUM_CONVERSION = YES;
				CLANG_WARN_INFINITE_RECURSION = YES;
				CLANG_WARN_INT_CONVERSION = YES;
				CLANG_WARN_NON_LITERAL_NULL_CONVERSION = YES;
				CLANG_WARN_OBJC_IMPLICIT_RETAIN_SELF = YES;
				CLANG_WARN_OBJC_LITERAL_CONVERSION = YES;
				CLANG_WARN_OBJC_ROOT_CLASS = YES_ERROR;
				CLANG_WARN_RANGE_LOOP_ANALYSIS = YES;
				CLANG_WARN_STRICT_PROTOTYPES = YES;
				CLANG_WARN_SUSPICIOUS_MOVE = YES;
				CLANG_WARN_UNGUARDED_AVAILABILITY = YES_AGGRESSIVE;
				CLANG_WARN_UNREACHABLE_CODE = YES;
				CLANG_WARN__DUPLICATE_METHOD_MATCH = YES;
				CODE_SIGN_IDENTITY = "iPhone Developer";
				COPY_PHASE_STRIP = NO;
				DEBUG_INFORMATION_FORMAT = dwarf;
				ENABLE_STRICT_OBJC_MSGSEND = YES;
				ENABLE_TESTABILITY = YES;
				GCC_C_LANGUAGE_STANDARD = gnu11;
				GCC_DYNAMIC_NO_PIC = NO;
				GCC_NO_COMMON_BLOCKS = YES;
				GCC_OPTIMIZATION_LEVEL = 0;
				GCC_PREPROCESSOR_DEFINITIONS = (
					"DEBUG=1",
					"$(inherited)",
				);
				GCC_WARN_64_TO_32_BIT_CONVERSION = YES;
				GCC_WARN_ABOUT_RETURN_TYPE = YES_ERROR;
				GCC_WARN_UNDECLARED_SELECTOR = YES;
				GCC_WARN_UNINITIALIZED_AUTOS = YES_AGGRESSIVE;
				GCC_WARN_UNUSED_FUNCTION = YES;
				GCC_WARN_UNUSED_VARIABLE = YES;
				IPHONEOS_DEPLOYMENT_TARGET = 12.2;
				MTL_ENABLE_DEBUG_INFO = INCLUDE_SOURCE;
				MTL_FAST_MATH = YES;
				ONLY_ACTIVE_ARCH = YES;
				SDKROOT = iphoneos;
				SWIFT_ACTIVE_COMPILATION_CONDITIONS = DEBUG;
				SWIFT_OPTIMIZATION_LEVEL = "-Onone";
			};
			name = Debug;
		};
		A2DC44B4229DBD9D000633B0 /* Release */ = {
			isa = XCBuildConfiguration;
			buildSettings = {
				ALWAYS_SEARCH_USER_PATHS = NO;
				CLANG_ANALYZER_NONNULL = YES;
				CLANG_ANALYZER_NUMBER_OBJECT_CONVERSION = YES_AGGRESSIVE;
				CLANG_CXX_LANGUAGE_STANDARD = "gnu++14";
				CLANG_CXX_LIBRARY = "libc++";
				CLANG_ENABLE_MODULES = YES;
				CLANG_ENABLE_OBJC_ARC = YES;
				CLANG_ENABLE_OBJC_WEAK = YES;
				CLANG_WARN_BLOCK_CAPTURE_AUTORELEASING = YES;
				CLANG_WARN_BOOL_CONVERSION = YES;
				CLANG_WARN_COMMA = YES;
				CLANG_WARN_CONSTANT_CONVERSION = YES;
				CLANG_WARN_DEPRECATED_OBJC_IMPLEMENTATIONS = YES;
				CLANG_WARN_DIRECT_OBJC_ISA_USAGE = YES_ERROR;
				CLANG_WARN_DOCUMENTATION_COMMENTS = YES;
				CLANG_WARN_EMPTY_BODY = YES;
				CLANG_WARN_ENUM_CONVERSION = YES;
				CLANG_WARN_INFINITE_RECURSION = YES;
				CLANG_WARN_INT_CONVERSION = YES;
				CLANG_WARN_NON_LITERAL_NULL_CONVERSION = YES;
				CLANG_WARN_OBJC_IMPLICIT_RETAIN_SELF = YES;
				CLANG_WARN_OBJC_LITERAL_CONVERSION = YES;
				CLANG_WARN_OBJC_ROOT_CLASS = YES_ERROR;
				CLANG_WARN_RANGE_LOOP_ANALYSIS = YES;
				CLANG_WARN_STRICT_PROTOTYPES = YES;
				CLANG_WARN_SUSPICIOUS_MOVE = YES;
				CLANG_WARN_UNGUARDED_AVAILABILITY = YES_AGGRESSIVE;
				CLANG_WARN_UNREACHABLE_CODE = YES;
				CLANG_WARN__DUPLICATE_METHOD_MATCH = YES;
				CODE_SIGN_IDENTITY = "iPhone Developer";
				COPY_PHASE_STRIP = NO;
				DEBUG_INFORMATION_FORMAT = "dwarf-with-dsym";
				ENABLE_NS_ASSERTIONS = NO;
				ENABLE_STRICT_OBJC_MSGSEND = YES;
				GCC_C_LANGUAGE_STANDARD = gnu11;
				GCC_NO_COMMON_BLOCKS = YES;
				GCC_WARN_64_TO_32_BIT_CONVERSION = YES;
				GCC_WARN_ABOUT_RETURN_TYPE = YES_ERROR;
				GCC_WARN_UNDECLARED_SELECTOR = YES;
				GCC_WARN_UNINITIALIZED_AUTOS = YES_AGGRESSIVE;
				GCC_WARN_UNUSED_FUNCTION = YES;
				GCC_WARN_UNUSED_VARIABLE = YES;
				IPHONEOS_DEPLOYMENT_TARGET = 12.2;
				MTL_ENABLE_DEBUG_INFO = NO;
				MTL_FAST_MATH = YES;
				SDKROOT = iphoneos;
				SWIFT_COMPILATION_MODE = wholemodule;
				SWIFT_OPTIMIZATION_LEVEL = "-O";
				VALIDATE_PRODUCT = YES;
			};
			name = Release;
		};
		A2DC44B6229DBD9D000633B0 /* Debug */ = {
			isa = XCBuildConfiguration;
			buildSettings = {
				ASSETCATALOG_COMPILER_APPICON_NAME = AppIcon;
				CODE_SIGN_STYLE = Automatic;
				DEVELOPMENT_TEAM = TX86F6EBCJ;
				INFOPLIST_FILE = "Swift Vocabulary New/Info.plist";
				LD_RUNPATH_SEARCH_PATHS = (
					"$(inherited)",
					"@executable_path/Frameworks",
				);
				PRODUCT_BUNDLE_IDENTIFIER = "com.twobrothersapps.Swift-Vocabulary-New";
				PRODUCT_NAME = "$(TARGET_NAME)";
				SWIFT_VERSION = 5.0;
				TARGETED_DEVICE_FAMILY = "1,2";
			};
			name = Debug;
		};
		A2DC44B7229DBD9D000633B0 /* Release */ = {
			isa = XCBuildConfiguration;
			buildSettings = {
				ASSETCATALOG_COMPILER_APPICON_NAME = AppIcon;
				CODE_SIGN_STYLE = Automatic;
				DEVELOPMENT_TEAM = TX86F6EBCJ;
				INFOPLIST_FILE = "Swift Vocabulary New/Info.plist";
				LD_RUNPATH_SEARCH_PATHS = (
					"$(inherited)",
					"@executable_path/Frameworks",
				);
				PRODUCT_BUNDLE_IDENTIFIER = "com.twobrothersapps.Swift-Vocabulary-New";
				PRODUCT_NAME = "$(TARGET_NAME)";
				SWIFT_VERSION = 5.0;
				TARGETED_DEVICE_FAMILY = "1,2";
			};
			name = Release;
		};
/* End XCBuildConfiguration section */

/* Begin XCConfigurationList section */
		A2DC449E229DBD9C000633B0 /* Build configuration list for PBXProject "Swift Vocabulary New" */ = {
			isa = XCConfigurationList;
			buildConfigurations = (
				A2DC44B3229DBD9D000633B0 /* Debug */,
				A2DC44B4229DBD9D000633B0 /* Release */,
			);
			defaultConfigurationIsVisible = 0;
			defaultConfigurationName = Release;
		};
		A2DC44B5229DBD9D000633B0 /* Build configuration list for PBXNativeTarget "Swift Vocabulary New" */ = {
			isa = XCConfigurationList;
			buildConfigurations = (
				A2DC44B6229DBD9D000633B0 /* Debug */,
				A2DC44B7229DBD9D000633B0 /* Release */,
			);
			defaultConfigurationIsVisible = 0;
			defaultConfigurationName = Release;
		};
/* End XCConfigurationList section */
	};
	rootObject = A2DC449B229DBD9C000633B0 /* Project object */;
}
